
Microsoft Visual Studio Solution File, Format Version 12.00
# Visual Studio 2013
VisualStudioVersion = 12.0.31101.0
MinimumVisualStudioVersion = 10.0.40219.1
Project("{FAE04EC0-301F-11D3-BF4B-00C04F79EFBC}") = "FreeTextBoxKeyGen", "FreeTextBoxKeyGen\FreeTextBoxKeyGen.csproj", "{A8DAE7DB-5D2A-4162-8859-1B3F7B8DB832}"
EndProject
Global
	GlobalSection(SolutionConfigurationPlatforms) = preSolution
		Debug|Any CPU = Debug|Any CPU
		Release|Any CPU = Release|Any CPU
	EndGlobalSection
	GlobalSection(ProjectConfigurationPlatforms) = postSolution
		{A8DAE7DB-5D2A-4162-8859-1B3F7B8DB832}.Debug|Any CPU.ActiveCfg = Debug|Any CPU
		{A8DAE7DB-5D2A-4162-8859-1B3F7B8DB832}.Debug|Any CPU.Build.0 = Debug|Any CPU
		{A8DAE7DB-5D2A-4162-8859-1B3F7B8DB832}.Release|Any CPU.ActiveCfg = Release|Any CPU
		{A8DAE7DB-5D2A-4162-8859-1B3F7B8DB832}.Release|Any CPU.Build.0 = Release|Any CPU
	EndGlobalSection
	GlobalSection(SolutionProperties) = preSolution
		HideSolutionNode = FALSE
	EndGlobalSection
EndGlobal
